
Microsoft Visual Studio Solution File, Format Version 12.00
# Visual Studio Version 17
VisualStudioVersion = 17.11.35219.272
MinimumVisualStudioVersion = 10.0.40219.1
Project("{FAE04EC0-301F-11D3-BF4B-00C04F79EFBC}") = "MayorOMenorDeEdad", "MayorOMenorDeEdad\MayorOMenorDeEdad.csproj", "{2544DA7D-2B1A-46FF-A282-418F85770C9B}"
EndProject
Global
	GlobalSection(SolutionConfigurationPlatforms) = preSolution
		Debug|Any CPU = Debug|Any CPU
		Release|Any CPU = Release|Any CPU
	EndGlobalSection
	GlobalSection(ProjectConfigurationPlatforms) = postSolution
		{2544DA7D-2B1A-46FF-A282-418F85770C9B}.Debug|Any CPU.ActiveCfg = Debug|Any CPU
		{2544DA7D-2B1A-46FF-A282-418F85770C9B}.Debug|Any CPU.Build.0 = Debug|Any CPU
		{2544DA7D-2B1A-46FF-A282-418F85770C9B}.Release|Any CPU.ActiveCfg = Release|Any CPU
		{2544DA7D-2B1A-46FF-A282-418F85770C9B}.Release|Any CPU.Build.0 = Release|Any CPU
	EndGlobalSection
	GlobalSection(SolutionProperties) = preSolution
		HideSolutionNode = FALSE
	EndGlobalSection
	GlobalSection(ExtensibilityGlobals) = postSolution
		SolutionGuid = {9CCDA472-5C4B-4E5C-AA25-4245C39E4972}
	EndGlobalSection
EndGlobal
